
Microsoft Visual Studio Solution File, Format Version 12.00
# Visual Studio Version 16
VisualStudioVersion = 16.0.29209.62
MinimumVisualStudioVersion = 10.0.40219.1
Project("{FAE04EC0-301F-11D3-BF4B-00C04F79EFBC}") = "ParcoursCombattant_Affaires", "ParcoursCombattant_Affaires\ParcoursCombattant_Affaires.csproj", "{AC7E74F3-3099-4E67-8E77-5DDDB684703C}"
EndProject
Project("{FAE04EC0-301F-11D3-BF4B-00C04F79EFBC}") = "ParcoursCombattant_Tests", "ParcoursCombattant_Tests\ParcoursCombattant_Tests.csproj", "{A4BF16D3-D398-42C4-8C0A-23EE5D48AB0B}"
EndProject
Global
	GlobalSection(SolutionConfigurationPlatforms) = preSolution
		Debug|Any CPU = Debug|Any CPU
		Release|Any CPU = Release|Any CPU
	EndGlobalSection
	GlobalSection(ProjectConfigurationPlatforms) = postSolution
		{AC7E74F3-3099-4E67-8E77-5DDDB684703C}.Debug|Any CPU.ActiveCfg = Debug|Any CPU
		{AC7E74F3-3099-4E67-8E77-5DDDB684703C}.Debug|Any CPU.Build.0 = Debug|Any CPU
		{AC7E74F3-3099-4E67-8E77-5DDDB684703C}.Release|Any CPU.ActiveCfg = Release|Any CPU
		{AC7E74F3-3099-4E67-8E77-5DDDB684703C}.Release|Any CPU.Build.0 = Release|Any CPU
		{A4BF16D3-D398-42C4-8C0A-23EE5D48AB0B}.Debug|Any CPU.ActiveCfg = Debug|Any CPU
		{A4BF16D3-D398-42C4-8C0A-23EE5D48AB0B}.Debug|Any CPU.Build.0 = Debug|Any CPU
		{A4BF16D3-D398-42C4-8C0A-23EE5D48AB0B}.Release|Any CPU.ActiveCfg = Release|Any CPU
		{A4BF16D3-D398-42C4-8C0A-23EE5D48AB0B}.Release|Any CPU.Build.0 = Release|Any CPU
	EndGlobalSection
	GlobalSection(SolutionProperties) = preSolution
		HideSolutionNode = FALSE
	EndGlobalSection
	GlobalSection(ExtensibilityGlobals) = postSolution
		SolutionGuid = {5549F9EC-5509-474D-B116-36A6AD56699C}
	EndGlobalSection
EndGlobal
